%{
  "ash": {:hex, :ash, "3.11.1", "9794620bffeb83d1803d92a64e7803f70b57372eb4addba5c12a24343cd04e1a", [:mix], [{:crux, ">= 0.1.2 and < 1.0.0-0", [hex: :crux, repo: "hexpm", optional: false]}, {:decimal, "~> 2.0", [hex: :decimal, repo: "hexpm", optional: false]}, {:ecto, "~> 3.7", [hex: :ecto, repo: "hexpm", optional: false]}, {:ets, "~> 0.8", [hex: :ets, repo: "hexpm", optional: false]}, {:igniter, ">= 0.6.29 and < 1.0.0-0", [hex: :igniter, repo: "hexpm", optional: true]}, {:jason, ">= 1.0.0", [hex: :jason, repo: "hexpm", optional: false]}, {:picosat_elixir, "~> 0.2", [hex: :picosat_elixir, repo: "hexpm", optional: true]}, {:plug, ">= 0.0.0", [hex: :plug, repo: "hexpm", optional: true]}, {:reactor, "~> 0.11", [hex: :reactor, repo: "hexpm", optional: false]}, {:simple_sat, ">= 0.1.1 and < 1.0.0-0", [hex: :simple_sat, repo: "hexpm", optional: true]}, {:spark, ">= 2.3.14 and < 3.0.0-0", [hex: :spark, repo: "hexpm", optional: false]}, {:splode, ">= 0.2.6 and < 1.0.0-0", [hex: :splode, repo: "hexpm", optional: false]}, {:stream_data, "~> 1.0", [hex: :stream_data, repo: "hexpm", optional: false]}, {:telemetry, "~> 1.1", [hex: :telemetry, repo: "hexpm", optional: false]}], "hexpm", "e0074302bb88d667635fcbfdacbf8a641c53973a3902d0e744f567a49ec808fc"},
  "ash_admin": {:hex, :ash_admin, "0.13.24", "4fafddc7b4450a92878b58630688c55cab20b0c27e35cad68f29811f73815816", [:mix], [{:ash, ">= 3.4.63 and < 4.0.0-0", [hex: :ash, repo: "hexpm", optional: false]}, {:ash_phoenix, ">= 2.1.8 and < 3.0.0-0", [hex: :ash_phoenix, repo: "hexpm", optional: false]}, {:gettext, "~> 0.26 or ~> 1.0", [hex: :gettext, repo: "hexpm", optional: false]}, {:jason, "~> 1.0", [hex: :jason, repo: "hexpm", optional: false]}, {:phoenix, "~> 1.7", [hex: :phoenix, repo: "hexpm", optional: false]}, {:phoenix_html, "~> 4.1", [hex: :phoenix_html, repo: "hexpm", optional: false]}, {:phoenix_live_view, "~> 1.1-rc", [hex: :phoenix_live_view, repo: "hexpm", optional: false]}, {:phoenix_view, "~> 2.0", [hex: :phoenix_view, repo: "hexpm", optional: false]}], "hexpm", "8f298cf6cb6635744ed75dd401295ed52513ea4df169f0f89d6a9a75dc4de4dc"},
  "ash_authentication": {:hex, :ash_authentication, "4.13.4", "8c94bb54c46a677ad03725997f48d3ce6e136c401397eae3a41f25eddbcfeb3c", [:mix], [{:argon2_elixir, "~> 4.0", [hex: :argon2_elixir, repo: "hexpm", optional: true]}, {:ash, "~> 3.7", [hex: :ash, repo: "hexpm", optional: false]}, {:ash_postgres, ">= 2.6.8 and < 3.0.0-0", [hex: :ash_postgres, repo: "hexpm", optional: true]}, {:assent, "> 0.2.0 and < 0.3.0", [hex: :assent, repo: "hexpm", optional: false]}, {:bcrypt_elixir, "~> 3.0", [hex: :bcrypt_elixir, repo: "hexpm", optional: false]}, {:castore, "~> 1.0", [hex: :castore, repo: "hexpm", optional: false]}, {:finch, "~> 0.19", [hex: :finch, repo: "hexpm", optional: false]}, {:igniter, "~> 0.4", [hex: :igniter, repo: "hexpm", optional: true]}, {:jason, "~> 1.4", [hex: :jason, repo: "hexpm", optional: false]}, {:joken, "~> 2.5", [hex: :joken, repo: "hexpm", optional: false]}, {:plug, "~> 1.13", [hex: :plug, repo: "hexpm", optional: false]}, {:spark, "~> 2.0", [hex: :spark, repo: "hexpm", optional: false]}, {:splode, "~> 0.2", [hex: :splode, repo: "hexpm", optional: false]}], "hexpm", "92ae2edea459aace26038ca8441cbf7fca9c965b1492eb4e0de5c909cf798751"},
  "ash_authentication_phoenix": {:hex, :ash_authentication_phoenix, "2.13.1", "20a1428098071d9c49ad3e7c67d4e69d44360b1d8771178dbf97d879af8935b3", [:mix], [{:ash, "~> 3.0", [hex: :ash, repo: "hexpm", optional: false]}, {:ash_authentication, "~> 4.10", [hex: :ash_authentication, repo: "hexpm", optional: false]}, {:ash_phoenix, ">= 2.3.11 and < 3.0.0-0", [hex: :ash_phoenix, repo: "hexpm", optional: false]}, {:bcrypt_elixir, "~> 3.0", [hex: :bcrypt_elixir, repo: "hexpm", optional: false]}, {:gettext, "~> 0.26 or ~> 1.0", [hex: :gettext, repo: "hexpm", optional: true]}, {:igniter, ">= 0.5.25 and < 1.0.0-0", [hex: :igniter, repo: "hexpm", optional: true]}, {:jason, "~> 1.0", [hex: :jason, repo: "hexpm", optional: false]}, {:phoenix, "~> 1.6", [hex: :phoenix, repo: "hexpm", optional: false]}, {:phoenix_html, "~> 4.0", [hex: :phoenix_html, repo: "hexpm", optional: false]}, {:phoenix_html_helpers, "~> 1.0", [hex: :phoenix_html_helpers, repo: "hexpm", optional: false]}, {:phoenix_live_view, "~> 1.1", [hex: :phoenix_live_view, repo: "hexpm", optional: false]}, {:phoenix_view, "~> 2.0", [hex: :phoenix_view, repo: "hexpm", optional: false]}, {:slugify, "~> 1.3", [hex: :slugify, repo: "hexpm", optional: false]}], "hexpm", "b7f402391307f6843c65e68e7e5583a758b436fb89ce9c3ca275735b7fb9fd2a"},
  "ash_phoenix": {:hex, :ash_phoenix, "2.3.18", "fad1b8af1405758888086de568f08650c2911ee97074cfe2e325b14854bc43dd", [:mix], [{:ash, ">= 3.5.13 and < 4.0.0-0", [hex: :ash, repo: "hexpm", optional: false]}, {:igniter, "~> 0.6", [hex: :igniter, repo: "hexpm", optional: true]}, {:inertia, "~> 2.3", [hex: :inertia, repo: "hexpm", optional: true]}, {:phoenix, "~> 1.5.6 or ~> 1.6", [hex: :phoenix, repo: "hexpm", optional: false]}, {:phoenix_html, "~> 4.0", [hex: :phoenix_html, repo: "hexpm", optional: false]}, {:phoenix_live_view, "~> 0.20.3 or ~> 1.0-rc.1", [hex: :phoenix_live_view, repo: "hexpm", optional: false]}, {:spark, ">= 2.2.29 and < 3.0.0-0", [hex: :spark, repo: "hexpm", optional: false]}], "hexpm", "7ec28f9216221e83b90d9c3605e9d1cdd228984e09a1a86c9b9d393cebf25222"},
  "ash_postgres": {:hex, :ash_postgres, "2.6.26", "f995bac8762ae039d4fb94cf2b628430aa69b0b30bf4366b96b3543dbd679ae7", [:mix], [{:ash, "~> 3.9", [hex: :ash, repo: "hexpm", optional: false]}, {:ash_sql, ">= 0.3.12 and < 1.0.0-0", [hex: :ash_sql, repo: "hexpm", optional: false]}, {:ecto, "~> 3.13", [hex: :ecto, repo: "hexpm", optional: false]}, {:ecto_sql, "~> 3.13", [hex: :ecto_sql, repo: "hexpm", optional: false]}, {:igniter, ">= 0.6.29 and < 1.0.0-0", [hex: :igniter, repo: "hexpm", optional: true]}, {:jason, "~> 1.0", [hex: :jason, repo: "hexpm", optional: false]}, {:postgrex, ">= 0.0.0", [hex: :postgrex, repo: "hexpm", optional: false]}, {:spark, ">= 2.3.4 and < 3.0.0-0", [hex: :spark, repo: "hexpm", optional: false]}], "hexpm", "7050b3169d5a31d73f7e69a6564d1102cb2bc185e67ea428e78fda3da46a69fc"},
  "ash_sql": {:hex, :ash_sql, "0.3.15", "8b8daae1870ab37b4fb2f980e323194caf23cdb4218fef126c49cc11a01fa243", [:mix], [{:ash, "~> 3.7", [hex: :ash, repo: "hexpm", optional: false]}, {:ecto, ">= 3.13.4 and < 4.0.0-0", [hex: :ecto, repo: "hexpm", optional: false]}, {:ecto_sql, "~> 3.9", [hex: :ecto_sql, repo: "hexpm", optional: false]}], "hexpm", "97432507b6f406eb2461e5d0fbf2e5104a8c61a2570322d11de2f124d822d8ff"},
  "ash_state_machine": {:hex, :ash_state_machine, "0.2.12", "c0f7ebb8a176584f70c6ed196b7d0118c930d73e0590ade705d2dddc48aa7311", [:mix], [{:ash, ">= 3.4.66 and < 4.0.0-0", [hex: :ash, repo: "hexpm", optional: false]}], "hexpm", "394ce761ce82358e3c715e1cae6c5cf1390be27c03a8b661f2e5a2fda849873d"},
  "ash_translation": {:hex, :ash_translation, "0.2.5", "b1d51fb5dd7b5a4a9020d3d6c85bc3e0af376b5b45ec723c31af7335b06d1f1d", [:mix], [{:ash, "~> 3.5", [hex: :ash, repo: "hexpm", optional: false]}, {:ash_phoenix, "~> 2.3", [hex: :ash_phoenix, repo: "hexpm", optional: false]}], "hexpm", "eab443f6ffa129681f259ab4e8c55cf2a4acef60b6dd26df90c22973dea183bb"},
  "assent": {:hex, :assent, "0.2.13", "11226365d2d8661d23e9a2cf94d3255e81054ff9d88ac877f28bfdf38fa4ef31", [:mix], [{:certifi, ">= 0.0.0", [hex: :certifi, repo: "hexpm", optional: true]}, {:finch, "~> 0.15", [hex: :finch, repo: "hexpm", optional: true]}, {:jose, "~> 1.8", [hex: :jose, repo: "hexpm", optional: true]}, {:mint, "~> 1.0", [hex: :mint, repo: "hexpm", optional: true]}, {:req, "~> 0.4", [hex: :req, repo: "hexpm", optional: true]}, {:ssl_verify_fun, ">= 0.0.0", [hex: :ssl_verify_fun, repo: "hexpm", optional: true]}], "hexpm", "bf9f351b01dd6bceea1d1f157f05438f6765ce606e6eb8d29296003d29bf6eab"},
  "bandit": {:hex, :bandit, "1.9.0", "6dc1ff2c30948dfecf32db574cc3447c7b9d70e0b61140098df3818870b01b76", [:mix], [{:hpax, "~> 1.0", [hex: :hpax, repo: "hexpm", optional: false]}, {:plug, "~> 1.18", [hex: :plug, repo: "hexpm", optional: false]}, {:telemetry, "~> 0.4 or ~> 1.0", [hex: :telemetry, repo: "hexpm", optional: false]}, {:thousand_island, "~> 1.0", [hex: :thousand_island, repo: "hexpm", optional: false]}, {:websock, "~> 0.5", [hex: :websock, repo: "hexpm", optional: false]}], "hexpm", "2538aaa1663b40ca9cbd8ca1f8a540cb49e5baf34c6ffef068369cc45f9146f2"},
  "bcrypt_elixir": {:hex, :bcrypt_elixir, "3.3.2", "d50091e3c9492d73e17fc1e1619a9b09d6a5ef99160eb4d736926fd475a16ca3", [:make, :mix], [{:comeonin, "~> 5.3", [hex: :comeonin, repo: "hexpm", optional: false]}, {:elixir_make, "~> 0.6", [hex: :elixir_make, repo: "hexpm", optional: false]}], "hexpm", "471be5151874ae7931911057d1467d908955f93554f7a6cd1b7d804cac8cef53"},
  "bunt": {:hex, :bunt, "1.0.0", "081c2c665f086849e6d57900292b3a161727ab40431219529f13c4ddcf3e7a44", [:mix], [], "hexpm", "dc5f86aa08a5f6fa6b8096f0735c4e76d54ae5c9fa2c143e5a1fc7c1cd9bb6b5"},
  "castore": {:hex, :castore, "1.0.17", "4f9770d2d45fbd91dcf6bd404cf64e7e58fed04fadda0923dc32acca0badffa2", [:mix], [], "hexpm", "12d24b9d80b910dd3953e165636d68f147a31db945d2dcb9365e441f8b5351e5"},
  "cc_precompiler": {:hex, :cc_precompiler, "0.1.11", "8c844d0b9fb98a3edea067f94f616b3f6b29b959b6b3bf25fee94ffe34364768", [:mix], [{:elixir_make, "~> 0.7", [hex: :elixir_make, repo: "hexpm", optional: false]}], "hexpm", "3427232caf0835f94680e5bcf082408a70b48ad68a5f5c0b02a3bea9f3a075b9"},
  "certifi": {:hex, :certifi, "2.15.0", "0e6e882fcdaaa0a5a9f2b3db55b1394dba07e8d6d9bcad08318fb604c6839712", [:rebar3], [], "hexpm", "b147ed22ce71d72eafdad94f055165c1c182f61a2ff49df28bcc71d1d5b94a60"},
  "chapters": {:hex, :chapters, "1.0.1", "530d0a16ffa37d522c28f60811d3da04791fa8d7ee97c3efc518a12c654541a8", [:mix], [{:jason, "~> 1.1", [hex: :jason, repo: "hexpm", optional: false]}, {:nimble_parsec, "~> 0.5.0", [hex: :nimble_parsec, repo: "hexpm", optional: false]}, {:sweet_xml, "~> 0.6.6", [hex: :sweet_xml, repo: "hexpm", optional: false]}, {:xml_builder, "~> 2.1", [hex: :xml_builder, repo: "hexpm", optional: false]}], "hexpm", "525299efdba23dbb5698507f2544d44269bd56a3ec21bfc5ec55c2fc53322c55"},
  "circular_buffer": {:hex, :circular_buffer, "1.0.0", "25c004da0cba7bd8bc1bdabded4f9a902d095e20600fd15faf1f2ffbaea18a07", [:mix], [], "hexpm", "c829ec31c13c7bafd1f546677263dff5bfb006e929f25635878ac3cfba8749e5"},
  "cldr_utils": {:hex, :cldr_utils, "2.29.1", "11ff0a50a36a7e5f3bd9fc2fb8486a4c1bcca3081d9c080bf9e48fe0e6742e2d", [:mix], [{:castore, "~> 0.1 or ~> 1.0", [hex: :castore, repo: "hexpm", optional: true]}, {:certifi, "~> 2.5", [hex: :certifi, repo: "hexpm", optional: true]}, {:decimal, "~> 1.9 or ~> 2.0", [hex: :decimal, repo: "hexpm", optional: false]}], "hexpm", "3844a0a0ed7f42e6590ddd8bd37eb4b1556b112898f67dea3ba068c29aabd6c2"},
  "combine": {:hex, :combine, "0.10.0", "eff8224eeb56498a2af13011d142c5e7997a80c8f5b97c499f84c841032e429f", [:mix], [], "hexpm", "1b1dbc1790073076580d0d1d64e42eae2366583e7aecd455d1215b0d16f2451b"},
  "comeonin": {:hex, :comeonin, "5.5.1", "5113e5f3800799787de08a6e0db307133850e635d34e9fab23c70b6501669510", [:mix], [], "hexpm", "65aac8f19938145377cee73973f192c5645873dcf550a8a6b18187d17c13ccdb"},
  "credo": {:hex, :credo, "1.7.14", "c7e75216cea8d978ba8c60ed9dede4cc79a1c99a266c34b3600dd2c33b96bc92", [:mix], [{:bunt, "~> 0.2.1 or ~> 1.0", [hex: :bunt, repo: "hexpm", optional: false]}, {:file_system, "~> 0.2 or ~> 1.0", [hex: :file_system, repo: "hexpm", optional: false]}, {:jason, "~> 1.0", [hex: :jason, repo: "hexpm", optional: false]}], "hexpm", "12a97d6bb98c277e4fb1dff45aaf5c137287416009d214fb46e68147bd9e0203"},
  "crux": {:hex, :crux, "0.1.2", "4441c9e3a34f1e340954ce96b9ad5a2de13ceb4f97b3f910211227bb92e2ca90", [:mix], [{:picosat_elixir, "~> 0.2", [hex: :picosat_elixir, repo: "hexpm", optional: true]}, {:simple_sat, ">= 0.1.1 and < 1.0.0-0", [hex: :simple_sat, repo: "hexpm", optional: true]}, {:stream_data, "~> 1.0", [hex: :stream_data, repo: "hexpm", optional: true]}], "hexpm", "563ea3748ebfba9cc078e6d198a1d6a06015a8fae503f0b721363139f0ddb350"},
  "db_connection": {:hex, :db_connection, "2.8.1", "9abdc1e68c34c6163f6fb96a96532272d13ad7ca45262156ae8b7ec6d9dc4bec", [:mix], [{:telemetry, "~> 0.4 or ~> 1.0", [hex: :telemetry, repo: "hexpm", optional: false]}], "hexpm", "a61a3d489b239d76f326e03b98794fb8e45168396c925ef25feb405ed09da8fd"},
  "decimal": {:hex, :decimal, "2.3.0", "3ad6255aa77b4a3c4f818171b12d237500e63525c2fd056699967a3e7ea20f62", [:mix], [], "hexpm", "a4d66355cb29cb47c3cf30e71329e58361cfcb37c34235ef3bf1d7bf3773aeac"},
  "dns_cluster": {:hex, :dns_cluster, "0.2.0", "aa8eb46e3bd0326bd67b84790c561733b25c5ba2fe3c7e36f28e88f384ebcb33", [:mix], [], "hexpm", "ba6f1893411c69c01b9e8e8f772062535a4cf70f3f35bcc964a324078d8c8240"},
  "ecto": {:hex, :ecto, "3.13.5", "9d4a69700183f33bf97208294768e561f5c7f1ecf417e0fa1006e4a91713a834", [:mix], [{:decimal, "~> 2.0", [hex: :decimal, repo: "hexpm", optional: false]}, {:jason, "~> 1.0", [hex: :jason, repo: "hexpm", optional: true]}, {:telemetry, "~> 0.4 or ~> 1.0", [hex: :telemetry, repo: "hexpm", optional: false]}], "hexpm", "df9efebf70cf94142739ba357499661ef5dbb559ef902b68ea1f3c1fabce36de"},
  "ecto_sql": {:hex, :ecto_sql, "3.13.3", "81f7067dd1951081888529002dbc71f54e5e891b69c60195040ea44697e1104a", [:mix], [{:db_connection, "~> 2.4.1 or ~> 2.5", [hex: :db_connection, repo: "hexpm", optional: false]}, {:ecto, "~> 3.13.0", [hex: :ecto, repo: "hexpm", optional: false]}, {:myxql, "~> 0.7", [hex: :myxql, repo: "hexpm", optional: true]}, {:postgrex, "~> 0.19 or ~> 1.0", [hex: :postgrex, repo: "hexpm", optional: true]}, {:tds, "~> 2.1.1 or ~> 2.2", [hex: :tds, repo: "hexpm", optional: true]}, {:telemetry, "~> 0.4.0 or ~> 1.0", [hex: :telemetry, repo: "hexpm", optional: false]}], "hexpm", "5751caea36c8f5dd0d1de6f37eceffea19d10bd53f20e5bbe31c45f2efc8944a"},
  "elixir_make": {:hex, :elixir_make, "0.9.0", "6484b3cd8c0cee58f09f05ecaf1a140a8c97670671a6a0e7ab4dc326c3109726", [:mix], [], "hexpm", "db23d4fd8b757462ad02f8aa73431a426fe6671c80b200d9710caf3d1dd0ffdb"},
  "esbuild": {:hex, :esbuild, "0.10.0", "b0aa3388a1c23e727c5a3e7427c932d89ee791746b0081bbe56103e9ef3d291f", [:mix], [{:jason, "~> 1.4", [hex: :jason, repo: "hexpm", optional: false]}], "hexpm", "468489cda427b974a7cc9f03ace55368a83e1a7be12fba7e30969af78e5f8c70"},
  "ets": {:hex, :ets, "0.9.0", "79c6a6c205436780486f72d84230c6cba2f8a9920456750ddd1e47389107d5fd", [:mix], [], "hexpm", "2861fdfb04bcaeff370f1a5904eec864f0a56dcfebe5921ea9aadf2a481c822b"},
  "ex_cldr": {:hex, :ex_cldr, "2.44.1", "0d220b175874e1ce77a0f7213bdfe700b9be11aefbf35933a0e98837803ebdc5", [:mix], [{:cldr_utils, "~> 2.28", [hex: :cldr_utils, repo: "hexpm", optional: false]}, {:decimal, "~> 1.6 or ~> 2.0", [hex: :decimal, repo: "hexpm", optional: false]}, {:gettext, "~> 0.19 or ~> 1.0", [hex: :gettext, repo: "hexpm", optional: true]}, {:jason, "~> 1.0", [hex: :jason, repo: "hexpm", optional: true]}, {:nimble_parsec, "~> 0.5 or ~> 1.0", [hex: :nimble_parsec, repo: "hexpm", optional: true]}], "hexpm", "3880cd6137ea21c74250cd870d3330c4a9fdec07fabd5e37d1b239547929e29b"},
  "ex_cldr_languages": {:hex, :ex_cldr_languages, "0.3.3", "9787002803552b15a7ade19496c9e46fc921baca992ea80d0394e11fe3acea45", [:mix], [{:ex_cldr, "~> 2.25", [hex: :ex_cldr, repo: "hexpm", optional: false]}, {:jason, "~> 1.0", [hex: :jason, repo: "hexpm", optional: true]}], "hexpm", "22fb1fef72b7b4b4872d243b34e7b83734247a78ad87377986bf719089cc447a"},
  "expo": {:hex, :expo, "1.1.1", "4202e1d2ca6e2b3b63e02f69cfe0a404f77702b041d02b58597c00992b601db5", [:mix], [], "hexpm", "5fb308b9cb359ae200b7e23d37c76978673aa1b06e2b3075d814ce12c5811640"},
  "file_system": {:hex, :file_system, "1.1.1", "31864f4685b0148f25bd3fbef2b1228457c0c89024ad67f7a81a3ffbc0bbad3a", [:mix], [], "hexpm", "7a15ff97dfe526aeefb090a7a9d3d03aa907e100e262a0f8f7746b78f8f87a5d"},
  "finch": {:hex, :finch, "0.20.0", "5330aefb6b010f424dcbbc4615d914e9e3deae40095e73ab0c1bb0968933cadf", [:mix], [{:mime, "~> 1.0 or ~> 2.0", [hex: :mime, repo: "hexpm", optional: false]}, {:mint, "~> 1.6.2 or ~> 1.7", [hex: :mint, repo: "hexpm", optional: false]}, {:nimble_options, "~> 0.4 or ~> 1.0", [hex: :nimble_options, repo: "hexpm", optional: false]}, {:nimble_pool, "~> 1.1", [hex: :nimble_pool, repo: "hexpm", optional: false]}, {:telemetry, "~> 0.4 or ~> 1.0", [hex: :telemetry, repo: "hexpm", optional: false]}], "hexpm", "2658131a74d051aabfcba936093c903b8e89da9a1b63e430bee62045fa9b2ee2"},
  "fine": {:hex, :fine, "0.1.4", "b19a89c1476c7c57afb5f9314aed5960b5bc95d5277de4cb5ee8e1d1616ce379", [:mix], [], "hexpm", "be3324cc454a42d80951cf6023b9954e9ff27c6daa255483b3e8d608670303f5"},
  "floki": {:hex, :floki, "0.38.0", "62b642386fa3f2f90713f6e231da0fa3256e41ef1089f83b6ceac7a3fd3abf33", [:mix], [], "hexpm", "a5943ee91e93fb2d635b612caf5508e36d37548e84928463ef9dd986f0d1abd9"},
  "gen_smtp": {:hex, :gen_smtp, "1.3.0", "62c3d91f0dcf6ce9db71bcb6881d7ad0d1d834c7f38c13fa8e952f4104a8442e", [:rebar3], [{:ranch, ">= 1.8.0", [hex: :ranch, repo: "hexpm", optional: false]}], "hexpm", "0b73fbf069864ecbce02fe653b16d3f35fd889d0fdd4e14527675565c39d84e6"},
  "gettext": {:hex, :gettext, "0.26.2", "5978aa7b21fada6deabf1f6341ddba50bc69c999e812211903b169799208f2a8", [:mix], [{:expo, "~> 0.5.1 or ~> 1.0", [hex: :expo, repo: "hexpm", optional: false]}], "hexpm", "aa978504bcf76511efdc22d580ba08e2279caab1066b76bb9aa81c4a1e0a32a5"},
  "glob_ex": {:hex, :glob_ex, "0.1.11", "cb50d3f1ef53f6ca04d6252c7fde09fd7a1cf63387714fe96f340a1349e62c93", [:mix], [], "hexpm", "342729363056e3145e61766b416769984c329e4378f1d558b63e341020525de4"},
  "hackney": {:hex, :hackney, "1.25.0", "390e9b83f31e5b325b9f43b76e1a785cbdb69b5b6cd4e079aa67835ded046867", [:rebar3], [{:certifi, "~> 2.15.0", [hex: :certifi, repo: "hexpm", optional: false]}, {:idna, "~> 6.1.0", [hex: :idna, repo: "hexpm", optional: false]}, {:metrics, "~> 1.0.0", [hex: :metrics, repo: "hexpm", optional: false]}, {:mimerl, "~> 1.4", [hex: :mimerl, repo: "hexpm", optional: false]}, {:parse_trans, "3.4.1", [hex: :parse_trans, repo: "hexpm", optional: false]}, {:ssl_verify_fun, "~> 1.1.0", [hex: :ssl_verify_fun, repo: "hexpm", optional: false]}, {:unicode_util_compat, "~> 0.7.1", [hex: :unicode_util_compat, repo: "hexpm", optional: false]}], "hexpm", "7209bfd75fd1f42467211ff8f59ea74d6f2a9e81cbcee95a56711ee79fd6b1d4"},
  "heroicons": {:git, "https://github.com/tailwindlabs/heroicons.git", "0435d4ca364a608cc75e2f8683d374e55abbae26", [tag: "v2.2.0", sparse: "optimized", depth: 1]},
  "hpax": {:hex, :hpax, "1.0.3", "ed67ef51ad4df91e75cc6a1494f851850c0bd98ebc0be6e81b026e765ee535aa", [:mix], [], "hexpm", "8eab6e1cfa8d5918c2ce4ba43588e894af35dbd8e91e6e55c817bca5847df34a"},
  "html_entities": {:hex, :html_entities, "0.5.2", "9e47e70598da7de2a9ff6af8758399251db6dbb7eebe2b013f2bbd2515895c3c", [:mix], [], "hexpm", "c53ba390403485615623b9531e97696f076ed415e8d8058b1dbaa28181f4fdcc"},
  "idna": {:hex, :idna, "6.1.1", "8a63070e9f7d0c62eb9d9fcb360a7de382448200fbbd1b106cc96d3d8099df8d", [:rebar3], [{:unicode_util_compat, "~> 0.7.0", [hex: :unicode_util_compat, repo: "hexpm", optional: false]}], "hexpm", "92376eb7894412ed19ac475e4a86f7b413c1b9fbb5bd16dccd57934157944cea"},
  "igniter": {:hex, :igniter, "0.7.0", "6848714fa5afa14258c82924a57af9364745316241a409435cf39cbe11e3ae80", [:mix], [{:glob_ex, "~> 0.1.7", [hex: :glob_ex, repo: "hexpm", optional: false]}, {:jason, "~> 1.4", [hex: :jason, repo: "hexpm", optional: false]}, {:owl, "~> 0.11", [hex: :owl, repo: "hexpm", optional: false]}, {:phx_new, "~> 1.7", [hex: :phx_new, repo: "hexpm", optional: true]}, {:req, "~> 0.5", [hex: :req, repo: "hexpm", optional: false]}, {:rewrite, ">= 1.1.1 and < 2.0.0-0", [hex: :rewrite, repo: "hexpm", optional: false]}, {:sourceror, "~> 1.4", [hex: :sourceror, repo: "hexpm", optional: false]}, {:spitfire, ">= 0.1.3 and < 1.0.0-0", [hex: :spitfire, repo: "hexpm", optional: false]}], "hexpm", "1e7254780dbf4b44c9eccd6d86d47aa961efc298d7f520c24acb0258c8e90ba9"},
  "iterex": {:hex, :iterex, "0.1.2", "58f9b9b9a22a55cbfc7b5234a9c9c63eaac26d276b3db80936c0e1c60355a5a6", [:mix], [], "hexpm", "2e103b8bcc81757a9af121f6dc0df312c9a17220f302b1193ef720460d03029d"},
  "jason": {:hex, :jason, "1.4.4", "b9226785a9aa77b6857ca22832cffa5d5011a667207eb2a0ad56adb5db443b8a", [:mix], [{:decimal, "~> 1.0 or ~> 2.0", [hex: :decimal, repo: "hexpm", optional: true]}], "hexpm", "c5eb0cab91f094599f94d55bc63409236a8ec69a21a67814529e8d5f6cc90b3b"},
  "joken": {:hex, :joken, "2.6.2", "5daaf82259ca603af4f0b065475099ada1b2b849ff140ccd37f4b6828ca6892a", [:mix], [{:jose, "~> 1.11.10", [hex: :jose, repo: "hexpm", optional: false]}], "hexpm", "5134b5b0a6e37494e46dbf9e4dad53808e5e787904b7c73972651b51cce3d72b"},
  "jose": {:hex, :jose, "1.11.12", "06e62b467b61d3726cbc19e9b5489f7549c37993de846dfb3ee8259f9ed208b3", [:mix, :rebar3], [], "hexpm", "31e92b653e9210b696765cdd885437457de1add2a9011d92f8cf63e4641bab7b"},
  "lazy_html": {:hex, :lazy_html, "0.1.8", "677a8642e644eef8de98f3040e2520d42d0f0f8bd6c5cd49db36504e34dffe91", [:make, :mix], [{:cc_precompiler, "~> 0.1", [hex: :cc_precompiler, repo: "hexpm", optional: false]}, {:elixir_make, "~> 0.9.0", [hex: :elixir_make, repo: "hexpm", optional: false]}, {:fine, "~> 0.1.0", [hex: :fine, repo: "hexpm", optional: false]}], "hexpm", "0d8167d930b704feb94b41414ca7f5779dff9bca7fcf619fcef18de138f08736"},
  "libgraph": {:hex, :libgraph, "0.16.0", "3936f3eca6ef826e08880230f806bfea13193e49bf153f93edcf0239d4fd1d07", [:mix], [], "hexpm", "41ca92240e8a4138c30a7e06466acc709b0cbb795c643e9e17174a178982d6bf"},
  "live_debugger": {:hex, :live_debugger, "0.5.0", "95e0f7727d61010f7e9053923fb2a9416904a7533c2dfb36120e7684cba4c0af", [:mix], [{:igniter, ">= 0.5.40 and < 1.0.0-0", [hex: :igniter, repo: "hexpm", optional: true]}, {:phoenix, "~> 1.7", [hex: :phoenix, repo: "hexpm", optional: false]}, {:phoenix_live_view, "~> 0.20.8 or ~> 1.0", [hex: :phoenix_live_view, repo: "hexpm", optional: false]}], "hexpm", "73ebe95118d22aa402675f677abd731cb16b136d1b6ae5f4010441fb50753b14"},
  "metalove": {:hex, :metalove, "0.5.0", "7812dc915e9042a1a8bfba36456fd3f46ee6fe4b5fe4d05eaf196c9ce64b5afe", [:mix], [{:chapters, "~> 1.0.1", [hex: :chapters, repo: "hexpm", optional: false]}, {:floki, "~> 0.38", [hex: :floki, repo: "hexpm", optional: false]}, {:jason, "~> 1.4", [hex: :jason, repo: "hexpm", optional: false]}, {:mimerl, "~> 1.4", [hex: :mimerl, repo: "hexpm", optional: false]}, {:nimble_options, "~> 1.1", [hex: :nimble_options, repo: "hexpm", optional: false]}, {:req, "~> 0.5.15", [hex: :req, repo: "hexpm", optional: false]}, {:sizeable, "~> 1.0", [hex: :sizeable, repo: "hexpm", optional: false]}, {:sweet_xml, "~> 0.6.6", [hex: :sweet_xml, repo: "hexpm", optional: false]}, {:timex, "~> 3.7", [hex: :timex, repo: "hexpm", optional: false]}, {:xml_builder, "~> 2.4", [hex: :xml_builder, repo: "hexpm", optional: false]}], "hexpm", "a2850cb314e4d88d7bcda929c41dac01a6bded6668969bc315b2493a79661078"},
  "metrics": {:hex, :metrics, "1.0.1", "25f094dea2cda98213cecc3aeff09e940299d950904393b2a29d191c346a8486", [:rebar3], [], "hexpm", "69b09adddc4f74a40716ae54d140f93beb0fb8978d8636eaded0c31b6f099f16"},
  "mime": {:hex, :mime, "2.0.7", "b8d739037be7cd402aee1ba0306edfdef982687ee7e9859bee6198c1e7e2f128", [:mix], [], "hexpm", "6171188e399ee16023ffc5b76ce445eb6d9672e2e241d2df6050f3c771e80ccd"},
  "mimerl": {:hex, :mimerl, "1.4.0", "3882a5ca67fbbe7117ba8947f27643557adec38fa2307490c4c4207624cb213b", [:rebar3], [], "hexpm", "13af15f9f68c65884ecca3a3891d50a7b57d82152792f3e19d88650aa126b144"},
  "mint": {:hex, :mint, "1.7.1", "113fdb2b2f3b59e47c7955971854641c61f378549d73e829e1768de90fc1abf1", [:mix], [{:castore, "~> 0.1.0 or ~> 1.0", [hex: :castore, repo: "hexpm", optional: true]}, {:hpax, "~> 0.1.1 or ~> 0.2.0 or ~> 1.0", [hex: :hpax, repo: "hexpm", optional: false]}], "hexpm", "fceba0a4d0f24301ddee3024ae116df1c3f4bb7a563a731f45fdfeb9d39a231b"},
  "nimble_options": {:hex, :nimble_options, "1.1.1", "e3a492d54d85fc3fd7c5baf411d9d2852922f66e69476317787a7b2bb000a61b", [:mix], [], "hexpm", "821b2470ca9442c4b6984882fe9bb0389371b8ddec4d45a9504f00a66f650b44"},
  "nimble_parsec": {:hex, :nimble_parsec, "0.5.3", "def21c10a9ed70ce22754fdeea0810dafd53c2db3219a0cd54cf5526377af1c6", [:mix], [], "hexpm", "589b5af56f4afca65217a1f3eb3fee7e79b09c40c742fddc1c312b3ac0b3399f"},
  "nimble_pool": {:hex, :nimble_pool, "1.1.0", "bf9c29fbdcba3564a8b800d1eeb5a3c58f36e1e11d7b7fb2e084a643f645f06b", [:mix], [], "hexpm", "af2e4e6b34197db81f7aad230c1118eac993acc0dae6bc83bac0126d4ae0813a"},
  "owl": {:hex, :owl, "0.13.0", "26010e066d5992774268f3163506972ddac0a7e77bfe57fa42a250f24d6b876e", [:mix], [{:ucwidth, "~> 0.2", [hex: :ucwidth, repo: "hexpm", optional: true]}], "hexpm", "59bf9d11ce37a4db98f57cb68fbfd61593bf419ec4ed302852b6683d3d2f7475"},
  "parse_trans": {:hex, :parse_trans, "3.4.1", "6e6aa8167cb44cc8f39441d05193be6e6f4e7c2946cb2759f015f8c56b76e5ff", [:rebar3], [], "hexpm", "620a406ce75dada827b82e453c19cf06776be266f5a67cff34e1ef2cbb60e49a"},
  "phoenix": {:hex, :phoenix, "1.8.3", "49ac5e485083cb1495a905e47eb554277bdd9c65ccb4fc5100306b350151aa95", [:mix], [{:bandit, "~> 1.0", [hex: :bandit, repo: "hexpm", optional: true]}, {:jason, "~> 1.0", [hex: :jason, repo: "hexpm", optional: true]}, {:phoenix_pubsub, "~> 2.1", [hex: :phoenix_pubsub, repo: "hexpm", optional: false]}, {:phoenix_template, "~> 1.0", [hex: :phoenix_template, repo: "hexpm", optional: false]}, {:phoenix_view, "~> 2.0", [hex: :phoenix_view, repo: "hexpm", optional: true]}, {:plug, "~> 1.14", [hex: :plug, repo: "hexpm", optional: false]}, {:plug_cowboy, "~> 2.7", [hex: :plug_cowboy, repo: "hexpm", optional: true]}, {:plug_crypto, "~> 1.2 or ~> 2.0", [hex: :plug_crypto, repo: "hexpm", optional: false]}, {:telemetry, "~> 0.4 or ~> 1.0", [hex: :telemetry, repo: "hexpm", optional: false]}, {:websock_adapter, "~> 0.5.3", [hex: :websock_adapter, repo: "hexpm", optional: false]}], "hexpm", "36169f95cc2e155b78be93d9590acc3f462f1e5438db06e6248613f27c80caec"},
  "phoenix_ecto": {:hex, :phoenix_ecto, "4.7.0", "75c4b9dfb3efdc42aec2bd5f8bccd978aca0651dbcbc7a3f362ea5d9d43153c6", [:mix], [{:ecto, "~> 3.5", [hex: :ecto, repo: "hexpm", optional: false]}, {:phoenix_html, "~> 2.14.2 or ~> 3.0 or ~> 4.1", [hex: :phoenix_html, repo: "hexpm", optional: true]}, {:plug, "~> 1.9", [hex: :plug, repo: "hexpm", optional: false]}, {:postgrex, "~> 0.16 or ~> 1.0", [hex: :postgrex, repo: "hexpm", optional: true]}], "hexpm", "1d75011e4254cb4ddf823e81823a9629559a1be93b4321a6a5f11a5306fbf4cc"},
  "phoenix_html": {:hex, :phoenix_html, "4.3.0", "d3577a5df4b6954cd7890c84d955c470b5310bb49647f0a114a6eeecc850f7ad", [:mix], [], "hexpm", "3eaa290a78bab0f075f791a46a981bbe769d94bc776869f4f3063a14f30497ad"},
  "phoenix_html_helpers": {:hex, :phoenix_html_helpers, "1.0.1", "7eed85c52eff80a179391036931791ee5d2f713d76a81d0d2c6ebafe1e11e5ec", [:mix], [{:phoenix_html, "~> 4.0", [hex: :phoenix_html, repo: "hexpm", optional: false]}, {:plug, "~> 1.5", [hex: :plug, repo: "hexpm", optional: true]}], "hexpm", "cffd2385d1fa4f78b04432df69ab8da63dc5cf63e07b713a4dcf36a3740e3090"},
  "phoenix_live_dashboard": {:hex, :phoenix_live_dashboard, "0.8.7", "405880012cb4b706f26dd1c6349125bfc903fb9e44d1ea668adaf4e04d4884b7", [:mix], [{:ecto, "~> 3.6.2 or ~> 3.7", [hex: :ecto, repo: "hexpm", optional: true]}, {:ecto_mysql_extras, "~> 0.5", [hex: :ecto_mysql_extras, repo: "hexpm", optional: true]}, {:ecto_psql_extras, "~> 0.7", [hex: :ecto_psql_extras, repo: "hexpm", optional: true]}, {:ecto_sqlite3_extras, "~> 1.1.7 or ~> 1.2.0", [hex: :ecto_sqlite3_extras, repo: "hexpm", optional: true]}, {:mime, "~> 1.6 or ~> 2.0", [hex: :mime, repo: "hexpm", optional: false]}, {:phoenix_live_view, "~> 0.19 or ~> 1.0", [hex: :phoenix_live_view, repo: "hexpm", optional: false]}, {:telemetry_metrics, "~> 0.6 or ~> 1.0", [hex: :telemetry_metrics, repo: "hexpm", optional: false]}], "hexpm", "3a8625cab39ec261d48a13b7468dc619c0ede099601b084e343968309bd4d7d7"},
  "phoenix_live_reload": {:hex, :phoenix_live_reload, "1.6.2", "b18b0773a1ba77f28c52decbb0f10fd1ac4d3ae5b8632399bbf6986e3b665f62", [:mix], [{:file_system, "~> 0.2.10 or ~> 1.0", [hex: :file_system, repo: "hexpm", optional: false]}, {:phoenix, "~> 1.4", [hex: :phoenix, repo: "hexpm", optional: false]}], "hexpm", "d1f89c18114c50d394721365ffb428cce24f1c13de0467ffa773e2ff4a30d5b9"},
  "phoenix_live_view": {:hex, :phoenix_live_view, "1.1.19", "c95e9acbc374fb796ee3e24bfecc8213123c74d9f9e45667ca40bb0a4d242953", [:mix], [{:igniter, ">= 0.6.16 and < 1.0.0-0", [hex: :igniter, repo: "hexpm", optional: true]}, {:jason, "~> 1.0", [hex: :jason, repo: "hexpm", optional: true]}, {:lazy_html, "~> 0.1.0", [hex: :lazy_html, repo: "hexpm", optional: true]}, {:phoenix, "~> 1.6.15 or ~> 1.7.0 or ~> 1.8.0-rc", [hex: :phoenix, repo: "hexpm", optional: false]}, {:phoenix_html, "~> 3.3 or ~> 4.0", [hex: :phoenix_html, repo: "hexpm", optional: false]}, {:phoenix_template, "~> 1.0", [hex: :phoenix_template, repo: "hexpm", optional: false]}, {:phoenix_view, "~> 2.0", [hex: :phoenix_view, repo: "hexpm", optional: true]}, {:plug, "~> 1.15", [hex: :plug, repo: "hexpm", optional: false]}, {:telemetry, "~> 0.4.2 or ~> 1.0", [hex: :telemetry, repo: "hexpm", optional: false]}], "hexpm", "d5ad357d6b21562a5b431f0ad09dfe76db9ce5648c6949f1aac334c8c4455d32"},
  "phoenix_pubsub": {:hex, :phoenix_pubsub, "2.2.0", "ff3a5616e1bed6804de7773b92cbccfc0b0f473faf1f63d7daf1206c7aeaaa6f", [:mix], [], "hexpm", "adc313a5bf7136039f63cfd9668fde73bba0765e0614cba80c06ac9460ff3e96"},
  "phoenix_template": {:hex, :phoenix_template, "1.0.4", "e2092c132f3b5e5b2d49c96695342eb36d0ed514c5b252a77048d5969330d639", [:mix], [{:phoenix_html, "~> 2.14.2 or ~> 3.0 or ~> 4.0", [hex: :phoenix_html, repo: "hexpm", optional: true]}], "hexpm", "2c0c81f0e5c6753faf5cca2f229c9709919aba34fab866d3bc05060c9c444206"},
  "phoenix_view": {:hex, :phoenix_view, "2.0.4", "b45c9d9cf15b3a1af5fb555c674b525391b6a1fe975f040fb4d913397b31abf4", [:mix], [{:phoenix_html, "~> 2.14.2 or ~> 3.0 or ~> 4.0", [hex: :phoenix_html, repo: "hexpm", optional: true]}, {:phoenix_template, "~> 1.0", [hex: :phoenix_template, repo: "hexpm", optional: false]}], "hexpm", "4e992022ce14f31fe57335db27a28154afcc94e9983266835bb3040243eb620b"},
  "picosat_elixir": {:hex, :picosat_elixir, "0.2.3", "bf326d0f179fbb3b706bb2c15fbc367dacfa2517157d090fdfc32edae004c597", [:make, :mix], [{:elixir_make, "~> 0.6", [hex: :elixir_make, repo: "hexpm", optional: false]}], "hexpm", "f76c9db2dec9d2561ffaa9be35f65403d53e984e8cd99c832383b7ab78c16c66"},
  "plug": {:hex, :plug, "1.19.1", "09bac17ae7a001a68ae393658aa23c7e38782be5c5c00c80be82901262c394c0", [:mix], [{:mime, "~> 1.0 or ~> 2.0", [hex: :mime, repo: "hexpm", optional: false]}, {:plug_crypto, "~> 1.1.1 or ~> 1.2 or ~> 2.0", [hex: :plug_crypto, repo: "hexpm", optional: false]}, {:telemetry, "~> 0.4.3 or ~> 1.0", [hex: :telemetry, repo: "hexpm", optional: false]}], "hexpm", "560a0017a8f6d5d30146916862aaf9300b7280063651dd7e532b8be168511e62"},
  "plug_crypto": {:hex, :plug_crypto, "2.1.1", "19bda8184399cb24afa10be734f84a16ea0a2bc65054e23a62bb10f06bc89491", [:mix], [], "hexpm", "6470bce6ffe41c8bd497612ffde1a7e4af67f36a15eea5f921af71cf3e11247c"},
  "postgrex": {:hex, :postgrex, "0.21.1", "2c5cc830ec11e7a0067dd4d623c049b3ef807e9507a424985b8dcf921224cd88", [:mix], [{:db_connection, "~> 2.1", [hex: :db_connection, repo: "hexpm", optional: false]}, {:decimal, "~> 1.5 or ~> 2.0", [hex: :decimal, repo: "hexpm", optional: false]}, {:jason, "~> 1.0", [hex: :jason, repo: "hexpm", optional: true]}, {:table, "~> 0.1.0", [hex: :table, repo: "hexpm", optional: true]}], "hexpm", "27d8d21c103c3cc68851b533ff99eef353e6a0ff98dc444ea751de43eb48bdac"},
  "ranch": {:hex, :ranch, "2.2.0", "25528f82bc8d7c6152c57666ca99ec716510fe0925cb188172f41ce93117b1b0", [:make, :rebar3], [], "hexpm", "fa0b99a1780c80218a4197a59ea8d3bdae32fbff7e88527d7d8a4787eff4f8e7"},
  "reactor": {:hex, :reactor, "0.17.0", "eb8bdb530dbae824e2d36a8538f8ec4f3aa7c2d1b61b04959fa787c634f88b49", [:mix], [{:igniter, "~> 0.4", [hex: :igniter, repo: "hexpm", optional: true]}, {:iterex, "~> 0.1", [hex: :iterex, repo: "hexpm", optional: false]}, {:jason, "~> 1.0", [hex: :jason, repo: "hexpm", optional: false]}, {:libgraph, "~> 0.16", [hex: :libgraph, repo: "hexpm", optional: false]}, {:spark, ">= 2.3.3 and < 3.0.0-0", [hex: :spark, repo: "hexpm", optional: false]}, {:splode, "~> 0.2", [hex: :splode, repo: "hexpm", optional: false]}, {:telemetry, "~> 1.2", [hex: :telemetry, repo: "hexpm", optional: false]}, {:yaml_elixir, "~> 2.11", [hex: :yaml_elixir, repo: "hexpm", optional: false]}, {:ymlr, "~> 5.0", [hex: :ymlr, repo: "hexpm", optional: false]}], "hexpm", "3c3bf71693adbad9117b11ec83cfed7d5851b916ade508ed9718de7ae165bf25"},
  "reply": {:hex, :reply, "1.1.0", "a7937040c404a6af206d6c12af65bb9fce176af262df4281a0ac95425095732e", [:mix], [], "hexpm", "d70fc7cfeacbef7899c424613ee3f13f46fc688db01f0f579c8fc4f8aa6bdb34"},
  "req": {:hex, :req, "0.5.16", "99ba6a36b014458e52a8b9a0543bfa752cb0344b2a9d756651db1281d4ba4450", [:mix], [{:brotli, "~> 0.3.1", [hex: :brotli, repo: "hexpm", optional: true]}, {:ezstd, "~> 1.0", [hex: :ezstd, repo: "hexpm", optional: true]}, {:finch, "~> 0.17", [hex: :finch, repo: "hexpm", optional: false]}, {:jason, "~> 1.0", [hex: :jason, repo: "hexpm", optional: false]}, {:mime, "~> 2.0.6 or ~> 2.1", [hex: :mime, repo: "hexpm", optional: false]}, {:nimble_csv, "~> 1.0", [hex: :nimble_csv, repo: "hexpm", optional: true]}, {:plug, "~> 1.0", [hex: :plug, repo: "hexpm", optional: true]}], "hexpm", "974a7a27982b9b791df84e8f6687d21483795882a7840e8309abdbe08bb06f09"},
  "rewrite": {:hex, :rewrite, "1.2.0", "80220eb14010e175b67c939397e1a8cdaa2c32db6e2e0a9d5e23e45c0414ce21", [:mix], [{:glob_ex, "~> 0.1", [hex: :glob_ex, repo: "hexpm", optional: false]}, {:sourceror, "~> 1.0", [hex: :sourceror, repo: "hexpm", optional: false]}, {:text_diff, "~> 0.1", [hex: :text_diff, repo: "hexpm", optional: false]}], "hexpm", "a1cd702bbb9d51613ab21091f04a386d750fc6f4516b81900df082d78b2d8c50"},
  "sizeable": {:hex, :sizeable, "1.0.2", "625fe06a5dad188b52121a140286f1a6ae1adf350a942cf419499ecd8a11ee29", [:mix], [], "hexpm", "4bab548e6dfba777b400ca50830a9e3a4128e73df77ab1582540cf5860601762"},
  "slugify": {:hex, :slugify, "1.3.1", "0d3b8b7e5c1eeaa960e44dce94382bee34a39b3ea239293e457a9c5b47cc6fd3", [:mix], [], "hexpm", "cb090bbeb056b312da3125e681d98933a360a70d327820e4b7f91645c4d8be76"},
  "sourceror": {:hex, :sourceror, "1.10.0", "38397dedbbc286966ec48c7af13e228b171332be1ad731974438c77791945ce9", [:mix], [], "hexpm", "29dbdfc92e04569c9d8e6efdc422fc1d815f4bd0055dc7c51b8800fb75c4b3f1"},
  "spark": {:hex, :spark, "2.3.14", "a08420d08e6e0e49d740aed3e160f1cb894ba8f6b3f5e6c63253e9df1995265c", [:mix], [{:igniter, ">= 0.3.64 and < 1.0.0-0", [hex: :igniter, repo: "hexpm", optional: true]}, {:jason, "~> 1.4", [hex: :jason, repo: "hexpm", optional: true]}, {:sourceror, "~> 1.2", [hex: :sourceror, repo: "hexpm", optional: true]}], "hexpm", "af50c4ea5dd67eba822247f1c98e1d4e598cb7f6c28ccf5d002f0e0718096f4f"},
  "spitfire": {:hex, :spitfire, "0.2.1", "29e154873f05444669c7453d3d931820822cbca5170e88f0f8faa1de74a79b47", [:mix], [], "hexpm", "6eeed75054a38341b2e1814d41bb0a250564092358de2669fdb57ff88141d91b"},
  "splode": {:hex, :splode, "0.2.9", "3a2776e187c82f42f5226b33b1220ccbff74f4bcc523dd4039c804caaa3ffdc7", [:mix], [], "hexpm", "8002b00c6e24f8bd1bcced3fbaa5c33346048047bb7e13d2f3ad428babbd95c3"},
  "ssl_verify_fun": {:hex, :ssl_verify_fun, "1.1.7", "354c321cf377240c7b8716899e182ce4890c5938111a1296add3ec74cf1715df", [:make, :mix, :rebar3], [], "hexpm", "fe4c190e8f37401d30167c8c405eda19469f34577987c76dde613e838bbc67f8"},
  "stream_data": {:hex, :stream_data, "1.2.0", "58dd3f9e88afe27dc38bef26fce0c84a9e7a96772b2925c7b32cd2435697a52b", [:mix], [], "hexpm", "eb5c546ee3466920314643edf68943a5b14b32d1da9fe01698dc92b73f89a9ed"},
  "sweet_xml": {:hex, :sweet_xml, "0.6.6", "fc3e91ec5dd7c787b6195757fbcf0abc670cee1e4172687b45183032221b66b8", [:mix], [], "hexpm", "2e1ec458f892ffa81f9f8386e3f35a1af6db7a7a37748a64478f13163a1f3573"},
  "swoosh": {:hex, :swoosh, "1.19.9", "4eb2c471b8cf06adbdcaa1d57a0ad53c0ed9348ce8586a06cc491f9f0dbcb553", [:mix], [{:bandit, ">= 1.0.0", [hex: :bandit, repo: "hexpm", optional: true]}, {:cowboy, "~> 1.1 or ~> 2.4", [hex: :cowboy, repo: "hexpm", optional: true]}, {:ex_aws, "~> 2.1", [hex: :ex_aws, repo: "hexpm", optional: true]}, {:finch, "~> 0.6", [hex: :finch, repo: "hexpm", optional: true]}, {:gen_smtp, "~> 0.13 or ~> 1.0", [hex: :gen_smtp, repo: "hexpm", optional: true]}, {:hackney, "~> 1.9", [hex: :hackney, repo: "hexpm", optional: true]}, {:idna, "~> 6.0", [hex: :idna, repo: "hexpm", optional: false]}, {:jason, "~> 1.0", [hex: :jason, repo: "hexpm", optional: false]}, {:mail, "~> 0.2", [hex: :mail, repo: "hexpm", optional: true]}, {:mime, "~> 1.1 or ~> 2.0", [hex: :mime, repo: "hexpm", optional: false]}, {:mua, "~> 0.2.3", [hex: :mua, repo: "hexpm", optional: true]}, {:multipart, "~> 0.4", [hex: :multipart, repo: "hexpm", optional: true]}, {:plug, "~> 1.9", [hex: :plug, repo: "hexpm", optional: true]}, {:plug_cowboy, ">= 1.0.0", [hex: :plug_cowboy, repo: "hexpm", optional: true]}, {:req, "~> 0.5.10 or ~> 0.6 or ~> 1.0", [hex: :req, repo: "hexpm", optional: true]}, {:telemetry, "~> 0.4.2 or ~> 1.0", [hex: :telemetry, repo: "hexpm", optional: false]}], "hexpm", "516898263a64925c31723c56bc7999a26e97b04e869707f681f4c9bca7ee1688"},
  "tailwind": {:hex, :tailwind, "0.4.1", "e7bcc222fe96a1e55f948e76d13dd84a1a7653fb051d2a167135db3b4b08d3e9", [:mix], [], "hexpm", "6249d4f9819052911120dbdbe9e532e6bd64ea23476056adb7f730aa25c220d1"},
  "telemetry": {:hex, :telemetry, "1.3.0", "fedebbae410d715cf8e7062c96a1ef32ec22e764197f70cda73d82778d61e7a2", [:rebar3], [], "hexpm", "7015fc8919dbe63764f4b4b87a95b7c0996bd539e0d499be6ec9d7f3875b79e6"},
  "telemetry_metrics": {:hex, :telemetry_metrics, "1.1.0", "5bd5f3b5637e0abea0426b947e3ce5dd304f8b3bc6617039e2b5a008adc02f8f", [:mix], [{:telemetry, "~> 0.4 or ~> 1.0", [hex: :telemetry, repo: "hexpm", optional: false]}], "hexpm", "e7b79e8ddfde70adb6db8a6623d1778ec66401f366e9a8f5dd0955c56bc8ce67"},
  "telemetry_poller": {:hex, :telemetry_poller, "1.3.0", "d5c46420126b5ac2d72bc6580fb4f537d35e851cc0f8dbd571acf6d6e10f5ec7", [:rebar3], [{:telemetry, "~> 1.0", [hex: :telemetry, repo: "hexpm", optional: false]}], "hexpm", "51f18bed7128544a50f75897db9974436ea9bfba560420b646af27a9a9b35211"},
  "text_diff": {:hex, :text_diff, "0.1.0", "1caf3175e11a53a9a139bc9339bd607c47b9e376b073d4571c031913317fecaa", [:mix], [], "hexpm", "d1ffaaecab338e49357b6daa82e435f877e0649041ace7755583a0ea3362dbd7"},
  "thousand_island": {:hex, :thousand_island, "1.4.3", "2158209580f633be38d43ec4e3ce0a01079592b9657afff9080d5d8ca149a3af", [:mix], [{:telemetry, "~> 0.4 or ~> 1.0", [hex: :telemetry, repo: "hexpm", optional: false]}], "hexpm", "6e4ce09b0fd761a58594d02814d40f77daff460c48a7354a15ab353bb998ea0b"},
  "tidewave": {:hex, :tidewave, "0.5.2", "f549acffe9daeed8b6b547c232c60de987770da7f827f9b3300140dfc465b102", [:mix], [{:circular_buffer, "~> 0.4 or ~> 1.0", [hex: :circular_buffer, repo: "hexpm", optional: false]}, {:igniter, "~> 0.6", [hex: :igniter, repo: "hexpm", optional: true]}, {:jason, "~> 1.4", [hex: :jason, repo: "hexpm", optional: false]}, {:phoenix_live_reload, ">= 1.6.1", [hex: :phoenix_live_reload, repo: "hexpm", optional: true]}, {:plug, "~> 1.17", [hex: :plug, repo: "hexpm", optional: false]}, {:req, "~> 0.5", [hex: :req, repo: "hexpm", optional: false]}], "hexpm", "34ab3ffee7e402f05cd1eae68d0e77ed0e0d1925677971ef83634247553e8afd"},
  "timex": {:hex, :timex, "3.7.13", "0688ce11950f5b65e154e42b47bf67b15d3bc0e0c3def62199991b8a8079a1e2", [:mix], [{:combine, "~> 0.10", [hex: :combine, repo: "hexpm", optional: false]}, {:gettext, "~> 0.26", [hex: :gettext, repo: "hexpm", optional: false]}, {:tzdata, "~> 1.1", [hex: :tzdata, repo: "hexpm", optional: false]}], "hexpm", "09588e0522669328e973b8b4fd8741246321b3f0d32735b589f78b136e6d4c54"},
  "tzdata": {:hex, :tzdata, "1.1.3", "b1cef7bb6de1de90d4ddc25d33892b32830f907e7fc2fccd1e7e22778ab7dfbc", [:mix], [{:hackney, "~> 1.17", [hex: :hackney, repo: "hexpm", optional: false]}], "hexpm", "d4ca85575a064d29d4e94253ee95912edfb165938743dbf002acdf0dcecb0c28"},
  "unicode_util_compat": {:hex, :unicode_util_compat, "0.7.1", "a48703a25c170eedadca83b11e88985af08d35f37c6f664d6dcfb106a97782fc", [:rebar3], [], "hexpm", "b3a917854ce3ae233619744ad1e0102e05673136776fb2fa76234f3e03b23642"},
  "websock": {:hex, :websock, "0.5.3", "2f69a6ebe810328555b6fe5c831a851f485e303a7c8ce6c5f675abeb20ebdadc", [:mix], [], "hexpm", "6105453d7fac22c712ad66fab1d45abdf049868f253cf719b625151460b8b453"},
  "websock_adapter": {:hex, :websock_adapter, "0.5.9", "43dc3ba6d89ef5dec5b1d0a39698436a1e856d000d84bf31a3149862b01a287f", [:mix], [{:bandit, ">= 0.6.0", [hex: :bandit, repo: "hexpm", optional: true]}, {:plug, "~> 1.14", [hex: :plug, repo: "hexpm", optional: false]}, {:plug_cowboy, "~> 2.6", [hex: :plug_cowboy, repo: "hexpm", optional: true]}, {:websock, "~> 0.5", [hex: :websock, repo: "hexpm", optional: false]}], "hexpm", "5534d5c9adad3c18a0f58a9371220d75a803bf0b9a3d87e6fe072faaeed76a08"},
  "xml_builder": {:hex, :xml_builder, "2.4.0", "b20d23077266c81f593360dc037ea398461dddb6638a329743da6c73afa56725", [:mix], [], "hexpm", "833e325bb997f032b5a1b740d2fd6feed3c18ca74627f9f5f30513a9ae1a232d"},
  "yamerl": {:hex, :yamerl, "0.10.0", "4ff81fee2f1f6a46f1700c0d880b24d193ddb74bd14ef42cb0bcf46e81ef2f8e", [:rebar3], [], "hexpm", "346adb2963f1051dc837a2364e4acf6eb7d80097c0f53cbdc3046ec8ec4b4e6e"},
  "yaml_elixir": {:hex, :yaml_elixir, "2.12.0", "30343ff5018637a64b1b7de1ed2a3ca03bc641410c1f311a4dbdc1ffbbf449c7", [:mix], [{:yamerl, "~> 0.10", [hex: :yamerl, repo: "hexpm", optional: false]}], "hexpm", "ca6bacae7bac917a7155dca0ab6149088aa7bc800c94d0fe18c5238f53b313c6"},
  "ymlr": {:hex, :ymlr, "5.1.4", "b924d61e1fc1ec371cde6ab3ccd9311110b1e052fc5c2460fb322e8380e7712a", [:mix], [], "hexpm", "75f16cf0709fbd911b30311a0359a7aa4b5476346c01882addefd5f2b1cfaa51"},
}
